
Microsoft Visual Studio Solution File, Format Version 12.00
# Visual Studio 15
VisualStudioVersion = 15.0.28307.572
MinimumVisualStudioVersion = 10.0.40219.1
Project("{FAE04EC0-301F-11D3-BF4B-00C04F79EFBC}") = "VisionCheck.Android", "VisionCheck\VisionCheck.Android\VisionCheck.Android.csproj", "{CEF2E6EB-06F0-4597-A6E4-DE86B874E8C1}"
EndProject
Project("{FAE04EC0-301F-11D3-BF4B-00C04F79EFBC}") = "VisionCheck.iOS", "VisionCheck\VisionCheck.iOS\VisionCheck.iOS.csproj", "{02C04995-075D-41F3-9E22-2DBDB07412B6}"
EndProject
Project("{FAE04EC0-301F-11D3-BF4B-00C04F79EFBC}") = "VisionCheck.UWP", "VisionCheck\VisionCheck.UWP\VisionCheck.UWP.csproj", "{375363DF-6916-4BD0-9B9D-3E8D8389C2A6}"
EndProject
Project("{FAE04EC0-301F-11D3-BF4B-00C04F79EFBC}") = "VisionCheck", "VisionCheck\VisionCheck\VisionCheck.csproj", "{3A7F932D-731C-4855-854B-E13DDA201E8A}"
EndProject
Global
	GlobalSection(SolutionConfigurationPlatforms) = preSolution
		Ad-Hoc|Any CPU = Ad-Hoc|Any CPU
		Ad-Hoc|ARM = Ad-Hoc|ARM
		Ad-Hoc|iPhone = Ad-Hoc|iPhone
		Ad-Hoc|iPhoneSimulator = Ad-Hoc|iPhoneSimulator
		Ad-Hoc|x64 = Ad-Hoc|x64
		Ad-Hoc|x86 = Ad-Hoc|x86
		AppStore|Any CPU = AppStore|Any CPU
		AppStore|ARM = AppStore|ARM
		AppStore|iPhone = AppStore|iPhone
		AppStore|iPhoneSimulator = AppStore|iPhoneSimulator
		AppStore|x64 = AppStore|x64
		AppStore|x86 = AppStore|x86
		Debug|Any CPU = Debug|Any CPU
		Debug|ARM = Debug|ARM
		Debug|iPhone = Debug|iPhone
		Debug|iPhoneSimulator = Debug|iPhoneSimulator
		Debug|x64 = Debug|x64
		Debug|x86 = Debug|x86
		Release|Any CPU = Release|Any CPU
		Release|ARM = Release|ARM
		Release|iPhone = Release|iPhone
		Release|iPhoneSimulator = Release|iPhoneSimulator
		Release|x64 = Release|x64
		Release|x86 = Release|x86
	EndGlobalSection
	GlobalSection(ProjectConfigurationPlatforms) = postSolution
		{CEF2E6EB-06F0-4597-A6E4-DE86B874E8C1}.Ad-Hoc|Any CPU.ActiveCfg = Release|Any CPU
		{CEF2E6EB-06F0-4597-A6E4-DE86B874E8C1}.Ad-Hoc|Any CPU.Build.0 = Release|Any CPU
		{CEF2E6EB-06F0-4597-A6E4-DE86B874E8C1}.Ad-Hoc|Any CPU.Deploy.0 = Release|Any CPU
		{CEF2E6EB-06F0-4597-A6E4-DE86B874E8C1}.Ad-Hoc|ARM.ActiveCfg = Release|Any CPU
		{CEF2E6EB-06F0-4597-A6E4-DE86B874E8C1}.Ad-Hoc|ARM.Build.0 = Release|Any CPU
		{CEF2E6EB-06F0-4597-A6E4-DE86B874E8C1}.Ad-Hoc|ARM.Deploy.0 = Release|Any CPU
		{CEF2E6EB-06F0-4597-A6E4-DE86B874E8C1}.Ad-Hoc|iPhone.ActiveCfg = Release|Any CPU
		{CEF2E6EB-06F0-4597-A6E4-DE86B874E8C1}.Ad-Hoc|iPhone.Build.0 = Release|Any CPU
		{CEF2E6EB-06F0-4597-A6E4-DE86B874E8C1}.Ad-Hoc|iPhone.Deploy.0 = Release|Any CPU
		{CEF2E6EB-06F0-4597-A6E4-DE86B874E8C1}.Ad-Hoc|iPhoneSimulator.ActiveCfg = Release|Any CPU
		{CEF2E6EB-06F0-4597-A6E4-DE86B874E8C1}.Ad-Hoc|iPhoneSimulator.Build.0 = Release|Any CPU
		{CEF2E6EB-06F0-4597-A6E4-DE86B874E8C1}.Ad-Hoc|iPhoneSimulator.Deploy.0 = Release|Any CPU
		{CEF2E6EB-06F0-4597-A6E4-DE86B874E8C1}.Ad-Hoc|x64.ActiveCfg = Release|Any CPU
		{CEF2E6EB-06F0-4597-A6E4-DE86B874E8C1}.Ad-Hoc|x64.Build.0 = Release|Any CPU
		{CEF2E6EB-06F0-4597-A6E4-DE86B874E8C1}.Ad-Hoc|x64.Deploy.0 = Release|Any CPU
		{CEF2E6EB-06F0-4597-A6E4-DE86B874E8C1}.Ad-Hoc|x86.ActiveCfg = Release|Any CPU
		{CEF2E6EB-06F0-4597-A6E4-DE86B874E8C1}.Ad-Hoc|x86.Build.0 = Release|Any CPU
		{CEF2E6EB-06F0-4597-A6E4-DE86B874E8C1}.Ad-Hoc|x86.Deploy.0 = Release|Any CPU
		{CEF2E6EB-06F0-4597-A6E4-DE86B874E8C1}.AppStore|Any CPU.ActiveCfg = Release|Any CPU
		{CEF2E6EB-06F0-4597-A6E4-DE86B874E8C1}.AppStore|Any CPU.Build.0 = Release|Any CPU
		{CEF2E6EB-06F0-4597-A6E4-DE86B874E8C1}.AppStore|Any CPU.Deploy.0 = Release|Any CPU
		{CEF2E6EB-06F0-4597-A6E4-DE86B874E8C1}.AppStore|ARM.ActiveCfg = Release|Any CPU
		{CEF2E6EB-06F0-4597-A6E4-DE86B874E8C1}.AppStore|ARM.Build.0 = Release|Any CPU
		{CEF2E6EB-06F0-4597-A6E4-DE86B874E8C1}.AppStore|ARM.Deploy.0 = Release|Any CPU
		{CEF2E6EB-06F0-4597-A6E4-DE86B874E8C1}.AppStore|iPhone.ActiveCfg = Release|Any CPU
		{CEF2E6EB-06F0-4597-A6E4-DE86B874E8C1}.AppStore|iPhone.Build.0 = Release|Any CPU
		{CEF2E6EB-06F0-4597-A6E4-DE86B874E8C1}.AppStore|iPhone.Deploy.0 = Release|Any CPU
		{CEF2E6EB-06F0-4597-A6E4-DE86B874E8C1}.AppStore|iPhoneSimulator.ActiveCfg = Release|Any CPU
		{CEF2E6EB-06F0-4597-A6E4-DE86B874E8C1}.AppStore|iPhoneSimulator.Build.0 = Release|Any CPU
		{CEF2E6EB-06F0-4597-A6E4-DE86B874E8C1}.AppStore|iPhoneSimulator.Deploy.0 = Release|Any CPU
		{CEF2E6EB-06F0-4597-A6E4-DE86B874E8C1}.AppStore|x64.ActiveCfg = Release|Any CPU
		{CEF2E6EB-06F0-4597-A6E4-DE86B874E8C1}.AppStore|x64.Build.0 = Release|Any CPU
		{CEF2E6EB-06F0-4597-A6E4-DE86B874E8C1}.AppStore|x64.Deploy.0 = Release|Any CPU
		{CEF2E6EB-06F0-4597-A6E4-DE86B874E8C1}.AppStore|x86.ActiveCfg = Release|Any CPU
		{CEF2E6EB-06F0-4597-A6E4-DE86B874E8C1}.AppStore|x86.Build.0 = Release|Any CPU
		{CEF2E6EB-06F0-4597-A6E4-DE86B874E8C1}.AppStore|x86.Deploy.0 = Release|Any CPU
		{CEF2E6EB-06F0-4597-A6E4-DE86B874E8C1}.Debug|Any CPU.ActiveCfg = Debug|Any CPU
		{CEF2E6EB-06F0-4597-A6E4-DE86B874E8C1}.Debug|Any CPU.Build.0 = Debug|Any CPU
		{CEF2E6EB-06F0-4597-A6E4-DE86B874E8C1}.Debug|Any CPU.Deploy.0 = Debug|Any CPU
		{CEF2E6EB-06F0-4597-A6E4-DE86B874E8C1}.Debug|ARM.ActiveCfg = Debug|Any CPU
		{CEF2E6EB-06F0-4597-A6E4-DE86B874E8C1}.Debug|ARM.Build.0 = Debug|Any CPU
		{CEF2E6EB-06F0-4597-A6E4-DE86B874E8C1}.Debug|ARM.Deploy.0 = Debug|Any CPU
		{CEF2E6EB-06F0-4597-A6E4-DE86B874E8C1}.Debug|iPhone.ActiveCfg = Debug|Any CPU
		{CEF2E6EB-06F0-4597-A6E4-DE86B874E8C1}.Debug|iPhone.Build.0 = Debug|Any CPU
		{CEF2E6EB-06F0-4597-A6E4-DE86B874E8C1}.Debug|iPhone.Deploy.0 = Debug|Any CPU
		{CEF2E6EB-06F0-4597-A6E4-DE86B874E8C1}.Debug|iPhoneSimulator.ActiveCfg = Debug|Any CPU
		{CEF2E6EB-06F0-4597-A6E4-DE86B874E8C1}.Debug|iPhoneSimulator.Build.0 = Debug|Any CPU
		{CEF2E6EB-06F0-4597-A6E4-DE86B874E8C1}.Debug|iPhoneSimulator.Deploy.0 = Debug|Any CPU
		{CEF2E6EB-06F0-4597-A6E4-DE86B874E8C1}.Debug|x64.ActiveCfg = Debug|Any CPU
		{CEF2E6EB-06F0-4597-A6E4-DE86B874E8C1}.Debug|x64.Build.0 = Debug|Any CPU
		{CEF2E6EB-06F0-4597-A6E4-DE86B874E8C1}.Debug|x64.Deploy.0 = Debug|Any CPU
		{CEF2E6EB-06F0-4597-A6E4-DE86B874E8C1}.Debug|x86.ActiveCfg = Debug|Any CPU
		{CEF2E6EB-06F0-4597-A6E4-DE86B874E8C1}.Debug|x86.Build.0 = Debug|Any CPU
		{CEF2E6EB-06F0-4597-A6E4-DE86B874E8C1}.Debug|x86.Deploy.0 = Debug|Any CPU
		{CEF2E6EB-06F0-4597-A6E4-DE86B874E8C1}.Release|Any CPU.ActiveCfg = Release|Any CPU
		{CEF2E6EB-06F0-4597-A6E4-DE86B874E8C1}.Release|Any CPU.Build.0 = Release|Any CPU
		{CEF2E6EB-06F0-4597-A6E4-DE86B874E8C1}.Release|Any CPU.Deploy.0 = Release|Any CPU
		{CEF2E6EB-06F0-4597-A6E4-DE86B874E8C1}.Release|ARM.ActiveCfg = Release|Any CPU
		{CEF2E6EB-06F0-4597-A6E4-DE86B874E8C1}.Release|ARM.Build.0 = Release|Any CPU
		{CEF2E6EB-06F0-4597-A6E4-DE86B874E8C1}.Release|ARM.Deploy.0 = Release|Any CPU
		{CEF2E6EB-06F0-4597-A6E4-DE86B874E8C1}.Release|iPhone.ActiveCfg = Release|Any CPU
		{CEF2E6EB-06F0-4597-A6E4-DE86B874E8C1}.Release|iPhone.Build.0 = Release|Any CPU
		{CEF2E6EB-06F0-4597-A6E4-DE86B874E8C1}.Release|iPhone.Deploy.0 = Release|Any CPU
		{CEF2E6EB-06F0-4597-A6E4-DE86B874E8C1}.Release|iPhoneSimulator.ActiveCfg = Release|Any CPU
		{CEF2E6EB-06F0-4597-A6E4-DE86B874E8C1}.Release|iPhoneSimulator.Build.0 = Release|Any CPU
		{CEF2E6EB-06F0-4597-A6E4-DE86B874E8C1}.Release|iPhoneSimulator.Deploy.0 = Release|Any CPU
		{CEF2E6EB-06F0-4597-A6E4-DE86B874E8C1}.Release|x64.ActiveCfg = Release|Any CPU
		{CEF2E6EB-06F0-4597-A6E4-DE86B874E8C1}.Release|x64.Build.0 = Release|Any CPU
		{CEF2E6EB-06F0-4597-A6E4-DE86B874E8C1}.Release|x64.Deploy.0 = Release|Any CPU
		{CEF2E6EB-06F0-4597-A6E4-DE86B874E8C1}.Release|x86.ActiveCfg = Release|Any CPU
		{CEF2E6EB-06F0-4597-A6E4-DE86B874E8C1}.Release|x86.Build.0 = Release|Any CPU
		{CEF2E6EB-06F0-4597-A6E4-DE86B874E8C1}.Release|x86.Deploy.0 = Release|Any CPU
		{02C04995-075D-41F3-9E22-2DBDB07412B6}.Ad-Hoc|Any CPU.ActiveCfg = Ad-Hoc|iPhone
		{02C04995-075D-41F3-9E22-2DBDB07412B6}.Ad-Hoc|Any CPU.Build.0 = Ad-Hoc|iPhone
		{02C04995-075D-41F3-9E22-2DBDB07412B6}.Ad-Hoc|Any CPU.Deploy.0 = Ad-Hoc|iPhone
		{02C04995-075D-41F3-9E22-2DBDB07412B6}.Ad-Hoc|ARM.ActiveCfg = Ad-Hoc|iPhone
		{02C04995-075D-41F3-9E22-2DBDB07412B6}.Ad-Hoc|ARM.Build.0 = Ad-Hoc|iPhone
		{02C04995-075D-41F3-9E22-2DBDB07412B6}.Ad-Hoc|ARM.Deploy.0 = Ad-Hoc|iPhone
		{02C04995-075D-41F3-9E22-2DBDB07412B6}.Ad-Hoc|iPhone.ActiveCfg = Ad-Hoc|iPhone
		{02C04995-075D-41F3-9E22-2DBDB07412B6}.Ad-Hoc|iPhone.Build.0 = Ad-Hoc|iPhone
		{02C04995-075D-41F3-9E22-2DBDB07412B6}.Ad-Hoc|iPhone.Deploy.0 = Ad-Hoc|iPhone
		{02C04995-075D-41F3-9E22-2DBDB07412B6}.Ad-Hoc|iPhoneSimulator.ActiveCfg = Ad-Hoc|iPhoneSimulator
		{02C04995-075D-41F3-9E22-2DBDB07412B6}.Ad-Hoc|iPhoneSimulator.Build.0 = Ad-Hoc|iPhoneSimulator
		{02C04995-075D-41F3-9E22-2DBDB07412B6}.Ad-Hoc|iPhoneSimulator.Deploy.0 = Ad-Hoc|iPhoneSimulator
		{02C04995-075D-41F3-9E22-2DBDB07412B6}.Ad-Hoc|x64.ActiveCfg = Ad-Hoc|iPhone
		{02C04995-075D-41F3-9E22-2DBDB07412B6}.Ad-Hoc|x64.Build.0 = Ad-Hoc|iPhone
		{02C04995-075D-41F3-9E22-2DBDB07412B6}.Ad-Hoc|x64.Deploy.0 = Ad-Hoc|iPhone
		{02C04995-075D-41F3-9E22-2DBDB07412B6}.Ad-Hoc|x86.ActiveCfg = Ad-Hoc|iPhone
		{02C04995-075D-41F3-9E22-2DBDB07412B6}.Ad-Hoc|x86.Build.0 = Ad-Hoc|iPhone
		{02C04995-075D-41F3-9E22-2DBDB07412B6}.Ad-Hoc|x86.Deploy.0 = Ad-Hoc|iPhone
		{02C04995-075D-41F3-9E22-2DBDB07412B6}.AppStore|Any CPU.ActiveCfg = AppStore|iPhone
		{02C04995-075D-41F3-9E22-2DBDB07412B6}.AppStore|Any CPU.Build.0 = AppStore|iPhone
		{02C04995-075D-41F3-9E22-2DBDB07412B6}.AppStore|Any CPU.Deploy.0 = AppStore|iPhone
		{02C04995-075D-41F3-9E22-2DBDB07412B6}.AppStore|ARM.ActiveCfg = AppStore|iPhone
		{02C04995-075D-41F3-9E22-2DBDB07412B6}.AppStore|ARM.Build.0 = AppStore|iPhone
		{02C04995-075D-41F3-9E22-2DBDB07412B6}.AppStore|ARM.Deploy.0 = AppStore|iPhone
		{02C04995-075D-41F3-9E22-2DBDB07412B6}.AppStore|iPhone.ActiveCfg = AppStore|iPhone
		{02C04995-075D-41F3-9E22-2DBDB07412B6}.AppStore|iPhone.Build.0 = AppStore|iPhone
		{02C04995-075D-41F3-9E22-2DBDB07412B6}.AppStore|iPhone.Deploy.0 = AppStore|iPhone
		{02C04995-075D-41F3-9E22-2DBDB07412B6}.AppStore|iPhoneSimulator.ActiveCfg = AppStore|iPhoneSimulator
		{02C04995-075D-41F3-9E22-2DBDB07412B6}.AppStore|iPhoneSimulator.Build.0 = AppStore|iPhoneSimulator
		{02C04995-075D-41F3-9E22-2DBDB07412B6}.AppStore|iPhoneSimulator.Deploy.0 = AppStore|iPhoneSimulator
		{02C04995-075D-41F3-9E22-2DBDB07412B6}.AppStore|x64.ActiveCfg = AppStore|iPhone
		{02C04995-075D-41F3-9E22-2DBDB07412B6}.AppStore|x64.Build.0 = AppStore|iPhone
		{02C04995-075D-41F3-9E22-2DBDB07412B6}.AppStore|x64.Deploy.0 = AppStore|iPhone
		{02C04995-075D-41F3-9E22-2DBDB07412B6}.AppStore|x86.ActiveCfg = AppStore|iPhone
		{02C04995-075D-41F3-9E22-2DBDB07412B6}.AppStore|x86.Build.0 = AppStore|iPhone
		{02C04995-075D-41F3-9E22-2DBDB07412B6}.AppStore|x86.Deploy.0 = AppStore|iPhone
		{02C04995-075D-41F3-9E22-2DBDB07412B6}.Debug|Any CPU.ActiveCfg = Debug|iPhoneSimulator
		{02C04995-075D-41F3-9E22-2DBDB07412B6}.Debug|Any CPU.Build.0 = Debug|iPhoneSimulator
		{02C04995-075D-41F3-9E22-2DBDB07412B6}.Debug|Any CPU.Deploy.0 = Debug|iPhoneSimulator
		{02C04995-075D-41F3-9E22-2DBDB07412B6}.Debug|ARM.ActiveCfg = Debug|iPhone
		{02C04995-075D-41F3-9E22-2DBDB07412B6}.Debug|ARM.Build.0 = Debug|iPhone
		{02C04995-075D-41F3-9E22-2DBDB07412B6}.Debug|ARM.Deploy.0 = Debug|iPhone
		{02C04995-075D-41F3-9E22-2DBDB07412B6}.Debug|iPhone.ActiveCfg = Debug|iPhone
		{02C04995-075D-41F3-9E22-2DBDB07412B6}.Debug|iPhone.Build.0 = Debug|iPhone
		{02C04995-075D-41F3-9E22-2DBDB07412B6}.Debug|iPhone.Deploy.0 = Debug|iPhone
		{02C04995-075D-41F3-9E22-2DBDB07412B6}.Debug|iPhoneSimulator.ActiveCfg = Debug|iPhoneSimulator
		{02C04995-075D-41F3-9E22-2DBDB07412B6}.Debug|iPhoneSimulator.Build.0 = Debug|iPhoneSimulator
		{02C04995-075D-41F3-9E22-2DBDB07412B6}.Debug|iPhoneSimulator.Deploy.0 = Debug|iPhoneSimulator
		{02C04995-075D-41F3-9E22-2DBDB07412B6}.Debug|x64.ActiveCfg = Debug|iPhone
		{02C04995-075D-41F3-9E22-2DBDB07412B6}.Debug|x64.Build.0 = Debug|iPhone
		{02C04995-075D-41F3-9E22-2DBDB07412B6}.Debug|x64.Deploy.0 = Debug|iPhone
		{02C04995-075D-41F3-9E22-2DBDB07412B6}.Debug|x86.ActiveCfg = Debug|iPhone
		{02C04995-075D-41F3-9E22-2DBDB07412B6}.Debug|x86.Build.0 = Debug|iPhone
		{02C04995-075D-41F3-9E22-2DBDB07412B6}.Debug|x86.Deploy.0 = Debug|iPhone
		{02C04995-075D-41F3-9E22-2DBDB07412B6}.Release|Any CPU.ActiveCfg = Release|iPhone
		{02C04995-075D-41F3-9E22-2DBDB07412B6}.Release|Any CPU.Build.0 = Release|iPhone
		{02C04995-075D-41F3-9E22-2DBDB07412B6}.Release|Any CPU.Deploy.0 = Release|iPhone
		{02C04995-075D-41F3-9E22-2DBDB07412B6}.Release|ARM.ActiveCfg = Release|iPhone
		{02C04995-075D-41F3-9E22-2DBDB07412B6}.Release|ARM.Build.0 = Release|iPhone
		{02C04995-075D-41F3-9E22-2DBDB07412B6}.Release|ARM.Deploy.0 = Release|iPhone
		{02C04995-075D-41F3-9E22-2DBDB07412B6}.Release|iPhone.ActiveCfg = Release|iPhone
		{02C04995-075D-41F3-9E22-2DBDB07412B6}.Release|iPhone.Build.0 = Release|iPhone
		{02C04995-075D-41F3-9E22-2DBDB07412B6}.Release|iPhone.Deploy.0 = Release|iPhone
		{02C04995-075D-41F3-9E22-2DBDB07412B6}.Release|iPhoneSimulator.ActiveCfg = Release|iPhoneSimulator
		{02C04995-075D-41F3-9E22-2DBDB07412B6}.Release|iPhoneSimulator.Build.0 = Release|iPhoneSimulator
		{02C04995-075D-41F3-9E22-2DBDB07412B6}.Release|iPhoneSimulator.Deploy.0 = Release|iPhoneSimulator
		{02C04995-075D-41F3-9E22-2DBDB07412B6}.Release|x64.ActiveCfg = Release|iPhone
		{02C04995-075D-41F3-9E22-2DBDB07412B6}.Release|x64.Build.0 = Release|iPhone
		{02C04995-075D-41F3-9E22-2DBDB07412B6}.Release|x64.Deploy.0 = Release|iPhone
		{02C04995-075D-41F3-9E22-2DBDB07412B6}.Release|x86.ActiveCfg = Release|iPhone
		{02C04995-075D-41F3-9E22-2DBDB07412B6}.Release|x86.Build.0 = Release|iPhone
		{02C04995-075D-41F3-9E22-2DBDB07412B6}.Release|x86.Deploy.0 = Release|iPhone
		{375363DF-6916-4BD0-9B9D-3E8D8389C2A6}.Ad-Hoc|Any CPU.ActiveCfg = Release|x86
		{375363DF-6916-4BD0-9B9D-3E8D8389C2A6}.Ad-Hoc|Any CPU.Build.0 = Release|x86
		{375363DF-6916-4BD0-9B9D-3E8D8389C2A6}.Ad-Hoc|Any CPU.Deploy.0 = Release|x86
		{375363DF-6916-4BD0-9B9D-3E8D8389C2A6}.Ad-Hoc|ARM.ActiveCfg = Release|ARM
		{375363DF-6916-4BD0-9B9D-3E8D8389C2A6}.Ad-Hoc|ARM.Build.0 = Release|ARM
		{375363DF-6916-4BD0-9B9D-3E8D8389C2A6}.Ad-Hoc|ARM.Deploy.0 = Release|ARM
		{375363DF-6916-4BD0-9B9D-3E8D8389C2A6}.Ad-Hoc|iPhone.ActiveCfg = Release|x86
		{375363DF-6916-4BD0-9B9D-3E8D8389C2A6}.Ad-Hoc|iPhone.Build.0 = Release|x86
		{375363DF-6916-4BD0-9B9D-3E8D8389C2A6}.Ad-Hoc|iPhone.Deploy.0 = Release|x86
		{375363DF-6916-4BD0-9B9D-3E8D8389C2A6}.Ad-Hoc|iPhoneSimulator.ActiveCfg = Release|x86
		{375363DF-6916-4BD0-9B9D-3E8D8389C2A6}.Ad-Hoc|iPhoneSimulator.Build.0 = Release|x86
		{375363DF-6916-4BD0-9B9D-3E8D8389C2A6}.Ad-Hoc|iPhoneSimulator.Deploy.0 = Release|x86
		{375363DF-6916-4BD0-9B9D-3E8D8389C2A6}.Ad-Hoc|x64.ActiveCfg = Release|x64
		{375363DF-6916-4BD0-9B9D-3E8D8389C2A6}.Ad-Hoc|x64.Build.0 = Release|x64
		{375363DF-6916-4BD0-9B9D-3E8D8389C2A6}.Ad-Hoc|x64.Deploy.0 = Release|x64
		{375363DF-6916-4BD0-9B9D-3E8D8389C2A6}.Ad-Hoc|x86.ActiveCfg = Release|x86
		{375363DF-6916-4BD0-9B9D-3E8D8389C2A6}.Ad-Hoc|x86.Build.0 = Release|x86
		{375363DF-6916-4BD0-9B9D-3E8D8389C2A6}.Ad-Hoc|x86.Deploy.0 = Release|x86
		{375363DF-6916-4BD0-9B9D-3E8D8389C2A6}.AppStore|Any CPU.ActiveCfg = Release|x86
		{375363DF-6916-4BD0-9B9D-3E8D8389C2A6}.AppStore|Any CPU.Build.0 = Release|x86
		{375363DF-6916-4BD0-9B9D-3E8D8389C2A6}.AppStore|Any CPU.Deploy.0 = Release|x86
		{375363DF-6916-4BD0-9B9D-3E8D8389C2A6}.AppStore|ARM.ActiveCfg = Release|ARM
		{375363DF-6916-4BD0-9B9D-3E8D8389C2A6}.AppStore|ARM.Build.0 = Release|ARM
		{375363DF-6916-4BD0-9B9D-3E8D8389C2A6}.AppStore|ARM.Deploy.0 = Release|ARM
		{375363DF-6916-4BD0-9B9D-3E8D8389C2A6}.AppStore|iPhone.ActiveCfg = Release|x86
		{375363DF-6916-4BD0-9B9D-3E8D8389C2A6}.AppStore|iPhone.Build.0 = Release|x86
		{375363DF-6916-4BD0-9B9D-3E8D8389C2A6}.AppStore|iPhone.Deploy.0 = Release|x86
		{375363DF-6916-4BD0-9B9D-3E8D8389C2A6}.AppStore|iPhoneSimulator.ActiveCfg = Release|x86
		{375363DF-6916-4BD0-9B9D-3E8D8389C2A6}.AppStore|iPhoneSimulator.Build.0 = Release|x86
		{375363DF-6916-4BD0-9B9D-3E8D8389C2A6}.AppStore|iPhoneSimulator.Deploy.0 = Release|x86
		{375363DF-6916-4BD0-9B9D-3E8D8389C2A6}.AppStore|x64.ActiveCfg = Release|x64
		{375363DF-6916-4BD0-9B9D-3E8D8389C2A6}.AppStore|x64.Build.0 = Release|x64
		{375363DF-6916-4BD0-9B9D-3E8D8389C2A6}.AppStore|x64.Deploy.0 = Release|x64
		{375363DF-6916-4BD0-9B9D-3E8D8389C2A6}.AppStore|x86.ActiveCfg = Release|x86
		{375363DF-6916-4BD0-9B9D-3E8D8389C2A6}.AppStore|x86.Build.0 = Release|x86
		{375363DF-6916-4BD0-9B9D-3E8D8389C2A6}.AppStore|x86.Deploy.0 = Release|x86
		{375363DF-6916-4BD0-9B9D-3E8D8389C2A6}.Debug|Any CPU.ActiveCfg = Debug|x86
		{375363DF-6916-4BD0-9B9D-3E8D8389C2A6}.Debug|Any CPU.Build.0 = Debug|x86
		{375363DF-6916-4BD0-9B9D-3E8D8389C2A6}.Debug|Any CPU.Deploy.0 = Debug|x86
		{375363DF-6916-4BD0-9B9D-3E8D8389C2A6}.Debug|ARM.ActiveCfg = Debug|ARM
		{375363DF-6916-4BD0-9B9D-3E8D8389C2A6}.Debug|ARM.Build.0 = Debug|ARM
		{375363DF-6916-4BD0-9B9D-3E8D8389C2A6}.Debug|ARM.Deploy.0 = Debug|ARM
		{375363DF-6916-4BD0-9B9D-3E8D8389C2A6}.Debug|iPhone.ActiveCfg = Debug|x86
		{375363DF-6916-4BD0-9B9D-3E8D8389C2A6}.Debug|iPhone.Build.0 = Debug|x86
		{375363DF-6916-4BD0-9B9D-3E8D8389C2A6}.Debug|iPhone.Deploy.0 = Debug|x86
		{375363DF-6916-4BD0-9B9D-3E8D8389C2A6}.Debug|iPhoneSimulator.ActiveCfg = Debug|x86
		{375363DF-6916-4BD0-9B9D-3E8D8389C2A6}.Debug|iPhoneSimulator.Build.0 = Debug|x86
		{375363DF-6916-4BD0-9B9D-3E8D8389C2A6}.Debug|iPhoneSimulator.Deploy.0 = Debug|x86
		{375363DF-6916-4BD0-9B9D-3E8D8389C2A6}.Debug|x64.ActiveCfg = Debug|x64
		{375363DF-6916-4BD0-9B9D-3E8D8389C2A6}.Debug|x64.Build.0 = Debug|x64
		{375363DF-6916-4BD0-9B9D-3E8D8389C2A6}.Debug|x64.Deploy.0 = Debug|x64
		{375363DF-6916-4BD0-9B9D-3E8D8389C2A6}.Debug|x86.ActiveCfg = Debug|x86
		{375363DF-6916-4BD0-9B9D-3E8D8389C2A6}.Debug|x86.Build.0 = Debug|x86
		{375363DF-6916-4BD0-9B9D-3E8D8389C2A6}.Debug|x86.Deploy.0 = Debug|x86
		{375363DF-6916-4BD0-9B9D-3E8D8389C2A6}.Release|Any CPU.ActiveCfg = Release|x86
		{375363DF-6916-4BD0-9B9D-3E8D8389C2A6}.Release|Any CPU.Build.0 = Release|x86
		{375363DF-6916-4BD0-9B9D-3E8D8389C2A6}.Release|Any CPU.Deploy.0 = Release|x86
		{375363DF-6916-4BD0-9B9D-3E8D8389C2A6}.Release|ARM.ActiveCfg = Release|ARM
		{375363DF-6916-4BD0-9B9D-3E8D8389C2A6}.Release|ARM.Build.0 = Release|ARM
		{375363DF-6916-4BD0-9B9D-3E8D8389C2A6}.Release|ARM.Deploy.0 = Release|ARM
		{375363DF-6916-4BD0-9B9D-3E8D8389C2A6}.Release|iPhone.ActiveCfg = Release|x86
		{375363DF-6916-4BD0-9B9D-3E8D8389C2A6}.Release|iPhone.Build.0 = Release|x86
		{375363DF-6916-4BD0-9B9D-3E8D8389C2A6}.Release|iPhone.Deploy.0 = Release|x86
		{375363DF-6916-4BD0-9B9D-3E8D8389C2A6}.Release|iPhoneSimulator.ActiveCfg = Release|x86
		{375363DF-6916-4BD0-9B9D-3E8D8389C2A6}.Release|iPhoneSimulator.Build.0 = Release|x86
		{375363DF-6916-4BD0-9B9D-3E8D8389C2A6}.Release|iPhoneSimulator.Deploy.0 = Release|x86
		{375363DF-6916-4BD0-9B9D-3E8D8389C2A6}.Release|x64.ActiveCfg = Release|x64
		{375363DF-6916-4BD0-9B9D-3E8D8389C2A6}.Release|x64.Build.0 = Release|x64
		{375363DF-6916-4BD0-9B9D-3E8D8389C2A6}.Release|x64.Deploy.0 = Release|x64
		{375363DF-6916-4BD0-9B9D-3E8D8389C2A6}.Release|x86.ActiveCfg = Release|x86
		{375363DF-6916-4BD0-9B9D-3E8D8389C2A6}.Release|x86.Build.0 = Release|x86
		{375363DF-6916-4BD0-9B9D-3E8D8389C2A6}.Release|x86.Deploy.0 = Release|x86
		{3A7F932D-731C-4855-854B-E13DDA201E8A}.Ad-Hoc|Any CPU.ActiveCfg = Debug|Any CPU
		{3A7F932D-731C-4855-854B-E13DDA201E8A}.Ad-Hoc|Any CPU.Build.0 = Debug|Any CPU
		{3A7F932D-731C-4855-854B-E13DDA201E8A}.Ad-Hoc|Any CPU.Deploy.0 = Debug|Any CPU
		{3A7F932D-731C-4855-854B-E13DDA201E8A}.Ad-Hoc|ARM.ActiveCfg = Debug|Any CPU
		{3A7F932D-731C-4855-854B-E13DDA201E8A}.Ad-Hoc|ARM.Build.0 = Debug|Any CPU
		{3A7F932D-731C-4855-854B-E13DDA201E8A}.Ad-Hoc|ARM.Deploy.0 = Debug|Any CPU
		{3A7F932D-731C-4855-854B-E13DDA201E8A}.Ad-Hoc|iPhone.ActiveCfg = Debug|Any CPU
		{3A7F932D-731C-4855-854B-E13DDA201E8A}.Ad-Hoc|iPhone.Build.0 = Debug|Any CPU
		{3A7F932D-731C-4855-854B-E13DDA201E8A}.Ad-Hoc|iPhone.Deploy.0 = Debug|Any CPU
		{3A7F932D-731C-4855-854B-E13DDA201E8A}.Ad-Hoc|iPhoneSimulator.ActiveCfg = Debug|Any CPU
		{3A7F932D-731C-4855-854B-E13DDA201E8A}.Ad-Hoc|iPhoneSimulator.Build.0 = Debug|Any CPU
		{3A7F932D-731C-4855-854B-E13DDA201E8A}.Ad-Hoc|iPhoneSimulator.Deploy.0 = Debug|Any CPU
		{3A7F932D-731C-4855-854B-E13DDA201E8A}.Ad-Hoc|x64.ActiveCfg = Debug|Any CPU
		{3A7F932D-731C-4855-854B-E13DDA201E8A}.Ad-Hoc|x64.Build.0 = Debug|Any CPU
		{3A7F932D-731C-4855-854B-E13DDA201E8A}.Ad-Hoc|x64.Deploy.0 = Debug|Any CPU
		{3A7F932D-731C-4855-854B-E13DDA201E8A}.Ad-Hoc|x86.ActiveCfg = Debug|Any CPU
		{3A7F932D-731C-4855-854B-E13DDA201E8A}.Ad-Hoc|x86.Build.0 = Debug|Any CPU
		{3A7F932D-731C-4855-854B-E13DDA201E8A}.Ad-Hoc|x86.Deploy.0 = Debug|Any CPU
		{3A7F932D-731C-4855-854B-E13DDA201E8A}.AppStore|Any CPU.ActiveCfg = Debug|Any CPU
		{3A7F932D-731C-4855-854B-E13DDA201E8A}.AppStore|Any CPU.Build.0 = Debug|Any CPU
		{3A7F932D-731C-4855-854B-E13DDA201E8A}.AppStore|Any CPU.Deploy.0 = Debug|Any CPU
		{3A7F932D-731C-4855-854B-E13DDA201E8A}.AppStore|ARM.ActiveCfg = Debug|Any CPU
		{3A7F932D-731C-4855-854B-E13DDA201E8A}.AppStore|ARM.Build.0 = Debug|Any CPU
		{3A7F932D-731C-4855-854B-E13DDA201E8A}.AppStore|ARM.Deploy.0 = Debug|Any CPU
		{3A7F932D-731C-4855-854B-E13DDA201E8A}.AppStore|iPhone.ActiveCfg = Debug|Any CPU
		{3A7F932D-731C-4855-854B-E13DDA201E8A}.AppStore|iPhone.Build.0 = Debug|Any CPU
		{3A7F932D-731C-4855-854B-E13DDA201E8A}.AppStore|iPhone.Deploy.0 = Debug|Any CPU
		{3A7F932D-731C-4855-854B-E13DDA201E8A}.AppStore|iPhoneSimulator.ActiveCfg = Debug|Any CPU
		{3A7F932D-731C-4855-854B-E13DDA201E8A}.AppStore|iPhoneSimulator.Build.0 = Debug|Any CPU
		{3A7F932D-731C-4855-854B-E13DDA201E8A}.AppStore|iPhoneSimulator.Deploy.0 = Debug|Any CPU
		{3A7F932D-731C-4855-854B-E13DDA201E8A}.AppStore|x64.ActiveCfg = Debug|Any CPU
		{3A7F932D-731C-4855-854B-E13DDA201E8A}.AppStore|x64.Build.0 = Debug|Any CPU
		{3A7F932D-731C-4855-854B-E13DDA201E8A}.AppStore|x64.Deploy.0 = Debug|Any CPU
		{3A7F932D-731C-4855-854B-E13DDA201E8A}.AppStore|x86.ActiveCfg = Debug|Any CPU
		{3A7F932D-731C-4855-854B-E13DDA201E8A}.AppStore|x86.Build.0 = Debug|Any CPU
		{3A7F932D-731C-4855-854B-E13DDA201E8A}.AppStore|x86.Deploy.0 = Debug|Any CPU
		{3A7F932D-731C-4855-854B-E13DDA201E8A}.Debug|Any CPU.ActiveCfg = Debug|Any CPU
		{3A7F932D-731C-4855-854B-E13DDA201E8A}.Debug|Any CPU.Build.0 = Debug|Any CPU
		{3A7F932D-731C-4855-854B-E13DDA201E8A}.Debug|Any CPU.Deploy.0 = Debug|Any CPU
		{3A7F932D-731C-4855-854B-E13DDA201E8A}.Debug|ARM.ActiveCfg = Debug|Any CPU
		{3A7F932D-731C-4855-854B-E13DDA201E8A}.Debug|ARM.Build.0 = Debug|Any CPU
		{3A7F932D-731C-4855-854B-E13DDA201E8A}.Debug|ARM.Deploy.0 = Debug|Any CPU
		{3A7F932D-731C-4855-854B-E13DDA201E8A}.Debug|iPhone.ActiveCfg = Debug|Any CPU
		{3A7F932D-731C-4855-854B-E13DDA201E8A}.Debug|iPhone.Build.0 = Debug|Any CPU
		{3A7F932D-731C-4855-854B-E13DDA201E8A}.Debug|iPhone.Deploy.0 = Debug|Any CPU
		{3A7F932D-731C-4855-854B-E13DDA201E8A}.Debug|iPhoneSimulator.ActiveCfg = Debug|Any CPU
		{3A7F932D-731C-4855-854B-E13DDA201E8A}.Debug|iPhoneSimulator.Build.0 = Debug|Any CPU
		{3A7F932D-731C-4855-854B-E13DDA201E8A}.Debug|iPhoneSimulator.Deploy.0 = Debug|Any CPU
		{3A7F932D-731C-4855-854B-E13DDA201E8A}.Debug|x64.ActiveCfg = Debug|Any CPU
		{3A7F932D-731C-4855-854B-E13DDA201E8A}.Debug|x64.Build.0 = Debug|Any CPU
		{3A7F932D-731C-4855-854B-E13DDA201E8A}.Debug|x64.Deploy.0 = Debug|Any CPU
		{3A7F932D-731C-4855-854B-E13DDA201E8A}.Debug|x86.ActiveCfg = Debug|Any CPU
		{3A7F932D-731C-4855-854B-E13DDA201E8A}.Debug|x86.Build.0 = Debug|Any CPU
		{3A7F932D-731C-4855-854B-E13DDA201E8A}.Debug|x86.Deploy.0 = Debug|Any CPU
		{3A7F932D-731C-4855-854B-E13DDA201E8A}.Release|Any CPU.ActiveCfg = Release|Any CPU
		{3A7F932D-731C-4855-854B-E13DDA201E8A}.Release|Any CPU.Build.0 = Release|Any CPU
		{3A7F932D-731C-4855-854B-E13DDA201E8A}.Release|Any CPU.Deploy.0 = Release|Any CPU
		{3A7F932D-731C-4855-854B-E13DDA201E8A}.Release|ARM.ActiveCfg = Release|Any CPU
		{3A7F932D-731C-4855-854B-E13DDA201E8A}.Release|ARM.Build.0 = Release|Any CPU
		{3A7F932D-731C-4855-854B-E13DDA201E8A}.Release|ARM.Deploy.0 = Release|Any CPU
		{3A7F932D-731C-4855-854B-E13DDA201E8A}.Release|iPhone.ActiveCfg = Release|Any CPU
		{3A7F932D-731C-4855-854B-E13DDA201E8A}.Release|iPhone.Build.0 = Release|Any CPU
		{3A7F932D-731C-4855-854B-E13DDA201E8A}.Release|iPhone.Deploy.0 = Release|Any CPU
		{3A7F932D-731C-4855-854B-E13DDA201E8A}.Release|iPhoneSimulator.ActiveCfg = Release|Any CPU
		{3A7F932D-731C-4855-854B-E13DDA201E8A}.Release|iPhoneSimulator.Build.0 = Release|Any CPU
		{3A7F932D-731C-4855-854B-E13DDA201E8A}.Release|iPhoneSimulator.Deploy.0 = Release|Any CPU
		{3A7F932D-731C-4855-854B-E13DDA201E8A}.Release|x64.ActiveCfg = Release|Any CPU
		{3A7F932D-731C-4855-854B-E13DDA201E8A}.Release|x64.Build.0 = Release|Any CPU
		{3A7F932D-731C-4855-854B-E13DDA201E8A}.Release|x64.Deploy.0 = Release|Any CPU
		{3A7F932D-731C-4855-854B-E13DDA201E8A}.Release|x86.ActiveCfg = Release|Any CPU
		{3A7F932D-731C-4855-854B-E13DDA201E8A}.Release|x86.Build.0 = Release|Any CPU
		{3A7F932D-731C-4855-854B-E13DDA201E8A}.Release|x86.Deploy.0 = Release|Any CPU
	EndGlobalSection
	GlobalSection(SolutionProperties) = preSolution
		HideSolutionNode = FALSE
	EndGlobalSection
	GlobalSection(ExtensibilityGlobals) = postSolution
		SolutionGuid = {2663B0F1-9C55-4A23-B9C8-75DEA5B51AB9}
	EndGlobalSection
EndGlobal
